
Microsoft Visual Studio Solution File, Format Version 12.00
# Visual Studio Version 17
VisualStudioVersion = 17.4.33205.214
MinimumVisualStudioVersion = 10.0.40219.1
Project("{9A19103F-16F7-4668-BE54-9A1E7A4F7556}") = "ClientProject", "CLIENT\ClientProject\ClientProject.csproj", "{B7BA0923-A714-4E61-A9BA-A01F4F6852B9}"
EndProject
Project("{9A19103F-16F7-4668-BE54-9A1E7A4F7556}") = "ServerProject", "SERVER\ServerProject\ServerProject.csproj", "{D8656993-CBC2-4D55-BB7A-776955BD2A2F}"
EndProject
Global
	GlobalSection(SolutionConfigurationPlatforms) = preSolution
		Debug|Any CPU = Debug|Any CPU
		Release|Any CPU = Release|Any CPU
	EndGlobalSection
	GlobalSection(ProjectConfigurationPlatforms) = postSolution
		{B7BA0923-A714-4E61-A9BA-A01F4F6852B9}.Debug|Any CPU.ActiveCfg = Debug|Any CPU
		{B7BA0923-A714-4E61-A9BA-A01F4F6852B9}.Debug|Any CPU.Build.0 = Debug|Any CPU
		{B7BA0923-A714-4E61-A9BA-A01F4F6852B9}.Release|Any CPU.ActiveCfg = Release|Any CPU
		{B7BA0923-A714-4E61-A9BA-A01F4F6852B9}.Release|Any CPU.Build.0 = Release|Any CPU
		{D8656993-CBC2-4D55-BB7A-776955BD2A2F}.Debug|Any CPU.ActiveCfg = Debug|Any CPU
		{D8656993-CBC2-4D55-BB7A-776955BD2A2F}.Debug|Any CPU.Build.0 = Debug|Any CPU
		{D8656993-CBC2-4D55-BB7A-776955BD2A2F}.Release|Any CPU.ActiveCfg = Release|Any CPU
		{D8656993-CBC2-4D55-BB7A-776955BD2A2F}.Release|Any CPU.Build.0 = Release|Any CPU
	EndGlobalSection
	GlobalSection(SolutionProperties) = preSolution
		HideSolutionNode = FALSE
	EndGlobalSection
	GlobalSection(ExtensibilityGlobals) = postSolution
		SolutionGuid = {BE319433-FEEC-4138-8B5C-3DACD72F9FC1}
	EndGlobalSection
EndGlobal
